
Microsoft Visual Studio Solution File, Format Version 12.00
# Visual Studio 2013
VisualStudioVersion = 12.0.31101.0
MinimumVisualStudioVersion = 10.0.40219.1
Project("{FAE04EC0-301F-11D3-BF4B-00C04F79EFBC}") = "WCFHost_Console", "WCFHost_Console\WCFHost_Console.csproj", "{292031B2-B96D-416E-95B8-9F2D45536E43}"
EndProject
Project("{FAE04EC0-301F-11D3-BF4B-00C04F79EFBC}") = "WCFLibrary", "..\WCFLibrary\WCFLibrary.csproj", "{2B32B20F-6E48-4CC6-88D0-266B27FEBAAE}"
EndProject
Global
	GlobalSection(SolutionConfigurationPlatforms) = preSolution
		Debug|Any CPU = Debug|Any CPU
		Release|Any CPU = Release|Any CPU
	EndGlobalSection
	GlobalSection(ProjectConfigurationPlatforms) = postSolution
		{292031B2-B96D-416E-95B8-9F2D45536E43}.Debug|Any CPU.ActiveCfg = Debug|Any CPU
		{292031B2-B96D-416E-95B8-9F2D45536E43}.Debug|Any CPU.Build.0 = Debug|Any CPU
		{292031B2-B96D-416E-95B8-9F2D45536E43}.Release|Any CPU.ActiveCfg = Release|Any CPU
		{292031B2-B96D-416E-95B8-9F2D45536E43}.Release|Any CPU.Build.0 = Release|Any CPU
		{2B32B20F-6E48-4CC6-88D0-266B27FEBAAE}.Debug|Any CPU.ActiveCfg = Debug|Any CPU
		{2B32B20F-6E48-4CC6-88D0-266B27FEBAAE}.Debug|Any CPU.Build.0 = Debug|Any CPU
		{2B32B20F-6E48-4CC6-88D0-266B27FEBAAE}.Release|Any CPU.ActiveCfg = Release|Any CPU
		{2B32B20F-6E48-4CC6-88D0-266B27FEBAAE}.Release|Any CPU.Build.0 = Release|Any CPU
	EndGlobalSection
	GlobalSection(SolutionProperties) = preSolution
		HideSolutionNode = FALSE
	EndGlobalSection
EndGlobal
